// !$*UTF8*$!
{
	archiveVersion = 1;
	classes = {
	};
	objectVersion = 56;
	objects = {

/* Begin PBXBuildFile section */
		CE3EC2E82A3A6CB90023E372 /* testApp.swift in Sources */ = {isa = PBXBuildFile; fileRef = CE3EC2E72A3A6CB90023E372 /* testApp.swift */; };
		CE3EC2EA2A3A6CB90023E372 /* ContentView.swift in Sources */ = {isa = PBXBuildFile; fileRef = CE3EC2E92A3A6CB90023E372 /* ContentView.swift */; };
		CE3EC2EC2A3A6CBB0023E372 /* Assets.xcassets in Resources */ = {isa = PBXBuildFile; fileRef = CE3EC2EB2A3A6CBB0023E372 /* Assets.xcassets */; };
		CE3EC2F02A3A6CBB0023E372 /* Preview Assets.xcassets in Resources */ = {isa = PBXBuildFile; fileRef = CE3EC2EF2A3A6CBB0023E372 /* Preview Assets.xcassets */; };
		CE3EC2FA2A3A6CBB0023E372 /* testTests.swift in Sources */ = {isa = PBXBuildFile; fileRef = CE3EC2F92A3A6CBB0023E372 /* testTests.swift */; };
		CE3EC3042A3A6CBB0023E372 /* testUITests.swift in Sources */ = {isa = PBXBuildFile; fileRef = CE3EC3032A3A6CBB0023E372 /* testUITests.swift */; };
		CE3EC3062A3A6CBB0023E372 /* testUITestsLaunchTests.swift in Sources */ = {isa = PBXBuildFile; fileRef = CE3EC3052A3A6CBB0023E372 /* testUITestsLaunchTests.swift */; };
/* End PBXBuildFile section */

/* Begin PBXContainerItemProxy section */
		CE3EC2F62A3A6CBB0023E372 /* PBXContainerItemProxy */ = {
			isa = PBXContainerItemProxy;
			containerPortal = CE3EC2DC2A3A6CB90023E372 /* Project object */;
			proxyType = 1;
			remoteGlobalIDString = CE3EC2E32A3A6CB90023E372;
			remoteInfo = test;
		};
		CE3EC3002A3A6CBB0023E372 /* PBXContainerItemProxy */ = {
			isa = PBXContainerItemProxy;
			containerPortal = CE3EC2DC2A3A6CB90023E372 /* Project object */;
			proxyType = 1;
			remoteGlobalIDString = CE3EC2E32A3A6CB90023E372;
			remoteInfo = test;
		};
/* End PBXContainerItemProxy section */

/* Begin PBXFileReference section */
		CE3EC2E42A3A6CB90023E372 /* test.app */ = {isa = PBXFileReference; explicitFileType = wrapper.application; includeInIndex = 0; path = test.app; sourceTree = BUILT_PRODUCTS_DIR; };
		CE3EC2E72A3A6CB90023E372 /* testApp.swift */ = {isa = PBXFileReference; lastKnownFileType = sourcecode.swift; path = testApp.swift; sourceTree = "<group>"; };
		CE3EC2E92A3A6CB90023E372 /* ContentView.swift */ = {isa = PBXFileReference; lastKnownFileType = sourcecode.swift; path = ContentView.swift; sourceTree = "<group>"; };
		CE3EC2EB2A3A6CBB0023E372 /* Assets.xcassets */ = {isa = PBXFileReference; lastKnownFileType = folder.assetcatalog; path = Assets.xcassets; sourceTree = "<group>"; };
		CE3EC2ED2A3A6CBB0023E372 /* test.entitlements */ = {isa = PBXFileReference; lastKnownFileType = text.plist.entitlements; path = test.entitlements; sourceTree = "<group>"; };
		CE3EC2EF2A3A6CBB0023E372 /* Preview Assets.xcassets */ = {isa = PBXFileReference; lastKnownFileType = folder.assetcatalog; path = "Preview Assets.xcassets"; sourceTree = "<group>"; };
		CE3EC2F52A3A6CBB0023E372 /* testTests.xctest */ = {isa = PBXFileReference; explicitFileType = wrapper.cfbundle; includeInIndex = 0; path = testTests.xctest; sourceTree = BUILT_PRODUCTS_DIR; };
		CE3EC2F92A3A6CBB0023E372 /* testTests.swift */ = {isa = PBXFileReference; lastKnownFileType = sourcecode.swift; path = testTests.swift; sourceTree = "<group>"; };
		CE3EC2FF2A3A6CBB0023E372 /* testUITests.xctest */ = {isa = PBXFileReference; explicitFileType = wrapper.cfbundle; includeInIndex = 0; path = testUITests.xctest; sourceTree = BUILT_PRODUCTS_DIR; };
		CE3EC3032A3A6CBB0023E372 /* testUITests.swift */ = {isa = PBXFileReference; lastKnownFileType = sourcecode.swift; path = testUITests.swift; sourceTree = "<group>"; };
		CE3EC3052A3A6CBB0023E372 /* testUITestsLaunchTests.swift */ = {isa = PBXFileReference; lastKnownFileType = sourcecode.swift; path = testUITestsLaunchTests.swift; sourceTree = "<group>"; };
/* End PBXFileReference section */

/* Begin PBXFrameworksBuildPhase section */
		CE3EC2E12A3A6CB90023E372 /* Frameworks */ = {
			isa = PBXFrameworksBuildPhase;
			buildActionMask = 2147483647;
			files = (
			);
			runOnlyForDeploymentPostprocessing = 0;
		};
		CE3EC2F22A3A6CBB0023E372 /* Frameworks */ = {
			isa = PBXFrameworksBuildPhase;
			buildActionMask = 2147483647;
			files = (
			);
			runOnlyForDeploymentPostprocessing = 0;
		};
		CE3EC2FC2A3A6CBB0023E372 /* Frameworks */ = {
			isa = PBXFrameworksBuildPhase;
			buildActionMask = 2147483647;
			files = (
			);
			runOnlyForDeploymentPostprocessing = 0;
		};
/* End PBXFrameworksBuildPhase section */

/* Begin PBXGroup section */
		CE3EC2DB2A3A6CB90023E372 = {
			isa = PBXGroup;
			children = (
				CE3EC2E62A3A6CB90023E372 /* test */,
				CE3EC2F82A3A6CBB0023E372 /* testTests */,
				CE3EC3022A3A6CBB0023E372 /* testUITests */,
				CE3EC2E52A3A6CB90023E372 /* Products */,
			);
			sourceTree = "<group>";
		};
		CE3EC2E52A3A6CB90023E372 /* Products */ = {
			isa = PBXGroup;
			children = (
				CE3EC2E42A3A6CB90023E372 /* test.app */,
				CE3EC2F52A3A6CBB0023E372 /* testTests.xctest */,
				CE3EC2FF2A3A6CBB0023E372 /* testUITests.xctest */,
			);
			name = Products;
			sourceTree = "<group>";
		};
		CE3EC2E62A3A6CB90023E372 /* test */ = {
			isa = PBXGroup;
			children = (
				CE3EC2E72A3A6CB90023E372 /* testApp.swift */,
				CE3EC2E92A3A6CB90023E372 /* ContentView.swift */,
				CE3EC2EB2A3A6CBB0023E372 /* Assets.xcassets */,
				CE3EC2ED2A3A6CBB0023E372 /* test.entitlements */,
				CE3EC2EE2A3A6CBB0023E372 /* Preview Content */,
			);
			path = test;
			sourceTree = "<group>";
		};
		CE3EC2EE2A3A6CBB0023E372 /* Preview Content */ = {
			isa = PBXGroup;
			children = (
				CE3EC2EF2A3A6CBB0023E372 /* Preview Assets.xcassets */,
			);
			path = "Preview Content";
			sourceTree = "<group>";
		};
		CE3EC2F82A3A6CBB0023E372 /* testTests */ = {
			isa = PBXGroup;
			children = (
				CE3EC2F92A3A6CBB0023E372 /* testTests.swift */,
			);
			path = testTests;
			sourceTree = "<group>";
		};
		CE3EC3022A3A6CBB0023E372 /* testUITests */ = {
			isa = PBXGroup;
			children = (
				CE3EC3032A3A6CBB0023E372 /* testUITests.swift */,
				CE3EC3052A3A6CBB0023E372 /* testUITestsLaunchTests.swift */,
			);
			path = testUITests;
			sourceTree = "<group>";
		};
/* End PBXGroup section */

/* Begin PBXNativeTarget section */
		CE3EC2E32A3A6CB90023E372 /* test */ = {
			isa = PBXNativeTarget;
			buildConfigurationList = CE3EC3092A3A6CBB0023E372 /* Build configuration list for PBXNativeTarget "test" */;
			buildPhases = (
				CE3EC2E02A3A6CB90023E372 /* Sources */,
				CE3EC2E12A3A6CB90023E372 /* Frameworks */,
				CE3EC2E22A3A6CB90023E372 /* Resources */,
			);
			buildRules = (
			);
			dependencies = (
			);
			name = test;
			productName = test;
			productReference = CE3EC2E42A3A6CB90023E372 /* test.app */;
			productType = "com.apple.product-type.application";
		};
		CE3EC2F42A3A6CBB0023E372 /* testTests */ = {
			isa = PBXNativeTarget;
			buildConfigurationList = CE3EC30C2A3A6CBB0023E372 /* Build configuration list for PBXNativeTarget "testTests" */;
			buildPhases = (
				CE3EC2F12A3A6CBB0023E372 /* Sources */,
				CE3EC2F22A3A6CBB0023E372 /* Frameworks */,
				CE3EC2F32A3A6CBB0023E372 /* Resources */,
			);
			buildRules = (
			);
			dependencies = (
				CE3EC2F72A3A6CBB0023E372 /* PBXTargetDependency */,
			);
			name = testTests;
			productName = testTests;
			productReference = CE3EC2F52A3A6CBB0023E372 /* testTests.xctest */;
			productType = "com.apple.product-type.bundle.unit-test";
		};
		CE3EC2FE2A3A6CBB0023E372 /* testUITests */ = {
			isa = PBXNativeTarget;
			buildConfigurationList = CE3EC30F2A3A6CBB0023E372 /* Build configuration list for PBXNativeTarget "testUITests" */;
			buildPhases = (
				CE3EC2FB2A3A6CBB0023E372 /* Sources */,
				CE3EC2FC2A3A6CBB0023E372 /* Frameworks */,
				CE3EC2FD2A3A6CBB0023E372 /* Resources */,
			);
			buildRules = (
			);
			dependencies = (
				CE3EC3012A3A6CBB0023E372 /* PBXTargetDependency */,
			);
			name = testUITests;
			productName = testUITests;
			productReference = CE3EC2FF2A3A6CBB0023E372 /* testUITests.xctest */;
			productType = "com.apple.product-type.bundle.ui-testing";
		};
/* End PBXNativeTarget section */

/* Begin PBXProject section */
		CE3EC2DC2A3A6CB90023E372 /* Project object */ = {
			isa = PBXProject;
			attributes = {
				BuildIndependentTargetsInParallel = 1;
				LastSwiftUpdateCheck = 1430;
				LastUpgradeCheck = 1430;
				TargetAttributes = {
					CE3EC2E32A3A6CB90023E372 = {
						CreatedOnToolsVersion = 14.3.1;
					};
					CE3EC2F42A3A6CBB0023E372 = {
						CreatedOnToolsVersion = 14.3.1;
						TestTargetID = CE3EC2E32A3A6CB90023E372;
					};
					CE3EC2FE2A3A6CBB0023E372 = {
						CreatedOnToolsVersion = 14.3.1;
						TestTargetID = CE3EC2E32A3A6CB90023E372;
					};
				};
			};
			buildConfigurationList = CE3EC2DF2A3A6CB90023E372 /* Build configuration list for PBXProject "test" */;
			compatibilityVersion = "Xcode 14.0";
			developmentRegion = en;
			hasScannedForEncodings = 0;
			knownRegions = (
				en,
				Base,
			);
			mainGroup = CE3EC2DB2A3A6CB90023E372;
			productRefGroup = CE3EC2E52A3A6CB90023E372 /* Products */;
			projectDirPath = "";
			projectRoot = "";
			targets = (
				CE3EC2E32A3A6CB90023E372 /* test */,
				CE3EC2F42A3A6CBB0023E372 /* testTests */,
				CE3EC2FE2A3A6CBB0023E372 /* testUITests */,
			);
		};
/* End PBXProject section */

/* Begin PBXResourcesBuildPhase section */
		CE3EC2E22A3A6CB90023E372 /* Resources */ = {
			isa = PBXResourcesBuildPhase;
			buildActionMask = 2147483647;
			files = (
				CE3EC2F02A3A6CBB0023E372 /* Preview Assets.xcassets in Resources */,
				CE3EC2EC2A3A6CBB0023E372 /* Assets.xcassets in Resources */,
			);
			runOnlyForDeploymentPostprocessing = 0;
		};
		CE3EC2F32A3A6CBB0023E372 /* Resources */ = {
			isa = PBXResourcesBuildPhase;
			buildActionMask = 2147483647;
			files = (
			);
			runOnlyForDeploymentPostprocessing = 0;
		};
		CE3EC2FD2A3A6CBB0023E372 /* Resources */ = {
			isa = PBXResourcesBuildPhase;
			buildActionMask = 2147483647;
			files = (
			);
			runOnlyForDeploymentPostprocessing = 0;
		};
/* End PBXResourcesBuildPhase section */

/* Begin PBXSourcesBuildPhase section */
		CE3EC2E02A3A6CB90023E372 /* Sources */ = {
			isa = PBXSourcesBuildPhase;
			buildActionMask = 2147483647;
			files = (
				CE3EC2EA2A3A6CB90023E372 /* ContentView.swift in Sources */,
				CE3EC2E82A3A6CB90023E372 /* testApp.swift in Sources */,
			);
			runOnlyForDeploymentPostprocessing = 0;
		};
		CE3EC2F12A3A6CBB0023E372 /* Sources */ = {
			isa = PBXSourcesBuildPhase;
			buildActionMask = 2147483647;
			files = (
				CE3EC2FA2A3A6CBB0023E372 /* testTests.swift in Sources */,
			);
			runOnlyForDeploymentPostprocessing = 0;
		};
		CE3EC2FB2A3A6CBB0023E372 /* Sources */ = {
			isa = PBXSourcesBuildPhase;
			buildActionMask = 2147483647;
			files = (
				CE3EC3062A3A6CBB0023E372 /* testUITestsLaunchTests.swift in Sources */,
				CE3EC3042A3A6CBB0023E372 /* testUITests.swift in Sources */,
			);
			runOnlyForDeploymentPostprocessing = 0;
		};
/* End PBXSourcesBuildPhase section */

/* Begin PBXTargetDependency section */
		CE3EC2F72A3A6CBB0023E372 /* PBXTargetDependency */ = {
			isa = PBXTargetDependency;
			target = CE3EC2E32A3A6CB90023E372 /* test */;
			targetProxy = CE3EC2F62A3A6CBB0023E372 /* PBXContainerItemProxy */;
		};
		CE3EC3012A3A6CBB0023E372 /* PBXTargetDependency */ = {
			isa = PBXTargetDependency;
			target = CE3EC2E32A3A6CB90023E372 /* test */;
			targetProxy = CE3EC3002A3A6CBB0023E372 /* PBXContainerItemProxy */;
		};
/* End PBXTargetDependency section */

/* Begin XCBuildConfiguration section */
		CE3EC3072A3A6CBB0023E372 /* Debug */ = {
			isa = XCBuildConfiguration;
			buildSettings = {
				ALWAYS_SEARCH_USER_PATHS = NO;
				CLANG_ANALYZER_NONNULL = YES;
				CLANG_ANALYZER_NUMBER_OBJECT_CONVERSION = YES_AGGRESSIVE;
				CLANG_CXX_LANGUAGE_STANDARD = "gnu++20";
				CLANG_ENABLE_MODULES = YES;
				CLANG_ENABLE_OBJC_ARC = YES;
				CLANG_ENABLE_OBJC_WEAK = YES;
				CLANG_WARN_BLOCK_CAPTURE_AUTORELEASING = YES;
				CLANG_WARN_BOOL_CONVERSION = YES;
				CLANG_WARN_COMMA = YES;
				CLANG_WARN_CONSTANT_CONVERSION = YES;
				CLANG_WARN_DEPRECATED_OBJC_IMPLEMENTATIONS = YES;
				CLANG_WARN_DIRECT_OBJC_ISA_USAGE = YES_ERROR;
				CLANG_WARN_DOCUMENTATION_COMMENTS = YES;
				CLANG_WARN_EMPTY_BODY = YES;
				CLANG_WARN_ENUM_CONVERSION = YES;
				CLANG_WARN_INFINITE_RECURSION = YES;
				CLANG_WARN_INT_CONVERSION = YES;
				CLANG_WARN_NON_LITERAL_NULL_CONVERSION = YES;
				CLANG_WARN_OBJC_IMPLICIT_RETAIN_SELF = YES;
				CLANG_WARN_OBJC_LITERAL_CONVERSION = YES;
				CLANG_WARN_OBJC_ROOT_CLASS = YES_ERROR;
				CLANG_WARN_QUOTED_INCLUDE_IN_FRAMEWORK_HEADER = YES;
				CLANG_WARN_RANGE_LOOP_ANALYSIS = YES;
				CLANG_WARN_STRICT_PROTOTYPES = YES;
				CLANG_WARN_SUSPICIOUS_MOVE = YES;
				CLANG_WARN_UNGUARDED_AVAILABILITY = YES_AGGRESSIVE;
				CLANG_WARN_UNREACHABLE_CODE = YES;
				CLANG_WARN__DUPLICATE_METHOD_MATCH = YES;
				COPY_PHASE_STRIP = NO;
				DEBUG_INFORMATION_FORMAT = dwarf;
				ENABLE_STRICT_OBJC_MSGSEND = YES;
				ENABLE_TESTABILITY = YES;
				GCC_C_LANGUAGE_STANDARD = gnu11;
				GCC_DYNAMIC_NO_PIC = NO;
				GCC_NO_COMMON_BLOCKS = YES;
				GCC_OPTIMIZATION_LEVEL = 0;
				GCC_PREPROCESSOR_DEFINITIONS = (
					"DEBUG=1",
					"$(inherited)",
				);
				GCC_WARN_64_TO_32_BIT_CONVERSION = YES;
				GCC_WARN_ABOUT_RETURN_TYPE = YES_ERROR;
				GCC_WARN_UNDECLARED_SELECTOR = YES;
				GCC_WARN_UNINITIALIZED_AUTOS = YES_AGGRESSIVE;
				GCC_WARN_UNUSED_FUNCTION = YES;
				GCC_WARN_UNUSED_VARIABLE = YES;
				MTL_ENABLE_DEBUG_INFO = INCLUDE_SOURCE;
				MTL_FAST_MATH = YES;
				ONLY_ACTIVE_ARCH = YES;
				SWIFT_ACTIVE_COMPILATION_CONDITIONS = DEBUG;
				SWIFT_OPTIMIZATION_LEVEL = "-Onone";
			};
			name = Debug;
		};
		CE3EC3082A3A6CBB0023E372 /* Release */ = {
			isa = XCBuildConfiguration;
			buildSettings = {
				ALWAYS_SEARCH_USER_PATHS = NO;
				CLANG_ANALYZER_NONNULL = YES;
				CLANG_ANALYZER_NUMBER_OBJECT_CONVERSION = YES_AGGRESSIVE;
				CLANG_CXX_LANGUAGE_STANDARD = "gnu++20";
				CLANG_ENABLE_MODULES = YES;
				CLANG_ENABLE_OBJC_ARC = YES;
				CLANG_ENABLE_OBJC_WEAK = YES;
				CLANG_WARN_BLOCK_CAPTURE_AUTORELEASING = YES;
				CLANG_WARN_BOOL_CONVERSION = YES;
				CLANG_WARN_COMMA = YES;
				CLANG_WARN_CONSTANT_CONVERSION = YES;
				CLANG_WARN_DEPRECATED_OBJC_IMPLEMENTATIONS = YES;
				CLANG_WARN_DIRECT_OBJC_ISA_USAGE = YES_ERROR;
				CLANG_WARN_DOCUMENTATION_COMMENTS = YES;
				CLANG_WARN_EMPTY_BODY = YES;
				CLANG_WARN_ENUM_CONVERSION = YES;
				CLANG_WARN_INFINITE_RECURSION = YES;
				CLANG_WARN_INT_CONVERSION = YES;
				CLANG_WARN_NON_LITERAL_NULL_CONVERSION = YES;
				CLANG_WARN_OBJC_IMPLICIT_RETAIN_SELF = YES;
				CLANG_WARN_OBJC_LITERAL_CONVERSION = YES;
				CLANG_WARN_OBJC_ROOT_CLASS = YES_ERROR;
				CLANG_WARN_QUOTED_INCLUDE_IN_FRAMEWORK_HEADER = YES;
				CLANG_WARN_RANGE_LOOP_ANALYSIS = YES;
				CLANG_WARN_STRICT_PROTOTYPES = YES;
				CLANG_WARN_SUSPICIOUS_MOVE = YES;
				CLANG_WARN_UNGUARDED_AVAILABILITY = YES_AGGRESSIVE;
				CLANG_WARN_UNREACHABLE_CODE = YES;
				CLANG_WARN__DUPLICATE_METHOD_MATCH = YES;
				COPY_PHASE_STRIP = NO;
				DEBUG_INFORMATION_FORMAT = "dwarf-with-dsym";
				ENABLE_NS_ASSERTIONS = NO;
				ENABLE_STRICT_OBJC_MSGSEND = YES;
				GCC_C_LANGUAGE_STANDARD = gnu11;
				GCC_NO_COMMON_BLOCKS = YES;
				GCC_WARN_64_TO_32_BIT_CONVERSION = YES;
				GCC_WARN_ABOUT_RETURN_TYPE = YES_ERROR;
				GCC_WARN_UNDECLARED_SELECTOR = YES;
				GCC_WARN_UNINITIALIZED_AUTOS = YES_AGGRESSIVE;
				GCC_WARN_UNUSED_FUNCTION = YES;
				GCC_WARN_UNUSED_VARIABLE = YES;
				MTL_ENABLE_DEBUG_INFO = NO;
				MTL_FAST_MATH = YES;
				SWIFT_COMPILATION_MODE = wholemodule;
				SWIFT_OPTIMIZATION_LEVEL = "-O";
			};
			name = Release;
		};
		CE3EC30A2A3A6CBB0023E372 /* Debug */ = {
			isa = XCBuildConfiguration;
			buildSettings = {
				ASSETCATALOG_COMPILER_APPICON_NAME = AppIcon;
				ASSETCATALOG_COMPILER_GLOBAL_ACCENT_COLOR_NAME = AccentColor;
				CODE_SIGN_ENTITLEMENTS = test/test.entitlements;
				CODE_SIGN_STYLE = Automatic;
				CURRENT_PROJECT_VERSION = 1;
				DEVELOPMENT_ASSET_PATHS = "\"test/Preview Content\"";
				ENABLE_PREVIEWS = YES;
				GENERATE_INFOPLIST_FILE = YES;
				"INFOPLIST_KEY_UIApplicationSceneManifest_Generation[sdk=iphoneos*]" = YES;
				"INFOPLIST_KEY_UIApplicationSceneManifest_Generation[sdk=iphonesimulator*]" = YES;
				"INFOPLIST_KEY_UIApplicationSupportsIndirectInputEvents[sdk=iphoneos*]" = YES;
				"INFOPLIST_KEY_UIApplicationSupportsIndirectInputEvents[sdk=iphonesimulator*]" = YES;
				"INFOPLIST_KEY_UILaunchScreen_Generation[sdk=iphoneos*]" = YES;
				"INFOPLIST_KEY_UILaunchScreen_Generation[sdk=iphonesimulator*]" = YES;
				"INFOPLIST_KEY_UIStatusBarStyle[sdk=iphoneos*]" = UIStatusBarStyleDefault;
				"INFOPLIST_KEY_UIStatusBarStyle[sdk=iphonesimulator*]" = UIStatusBarStyleDefault;
				INFOPLIST_KEY_UISupportedInterfaceOrientations_iPad = "UIInterfaceOrientationPortrait UIInterfaceOrientationPortraitUpsideDown UIInterfaceOrientationLandscapeLeft UIInterfaceOrientationLandscapeRight";
				INFOPLIST_KEY_UISupportedInterfaceOrientations_iPhone = "UIInterfaceOrientationPortrait UIInterfaceOrientationLandscapeLeft UIInterfaceOrientationLandscapeRight";
				IPHONEOS_DEPLOYMENT_TARGET = 16.4;
				LD_RUNPATH_SEARCH_PATHS = "@executable_path/Frameworks";
				"LD_RUNPATH_SEARCH_PATHS[sdk=macosx*]" = "@executable_path/../Frameworks";
				MACOSX_DEPLOYMENT_TARGET = 13.3;
				MARKETING_VERSION = 1.0;
				PRODUCT_BUNDLE_IDENTIFIER = test.test;
				PRODUCT_NAME = "$(TARGET_NAME)";
				SDKROOT = auto;
				SUPPORTED_PLATFORMS = "iphoneos iphonesimulator macosx";
				SWIFT_EMIT_LOC_STRINGS = YES;
				SWIFT_VERSION = 5.0;
				TARGETED_DEVICE_FAMILY = "1,2";
			};
			name = Debug;
		};
		CE3EC30B2A3A6CBB0023E372 /* Release */ = {
			isa = XCBuildConfiguration;
			buildSettings = {
				ASSETCATALOG_COMPILER_APPICON_NAME = AppIcon;
				ASSETCATALOG_COMPILER_GLOBAL_ACCENT_COLOR_NAME = AccentColor;
				CODE_SIGN_ENTITLEMENTS = test/test.entitlements;
				CODE_SIGN_STYLE = Automatic;
				CURRENT_PROJECT_VERSION = 1;
				DEVELOPMENT_ASSET_PATHS = "\"test/Preview Content\"";
				ENABLE_PREVIEWS = YES;
				GENERATE_INFOPLIST_FILE = YES;
				"INFOPLIST_KEY_UIApplicationSceneManifest_Generation[sdk=iphoneos*]" = YES;
				"INFOPLIST_KEY_UIApplicationSceneManifest_Generation[sdk=iphonesimulator*]" = YES;
				"INFOPLIST_KEY_UIApplicationSupportsIndirectInputEvents[sdk=iphoneos*]" = YES;
				"INFOPLIST_KEY_UIApplicationSupportsIndirectInputEvents[sdk=iphonesimulator*]" = YES;
				"INFOPLIST_KEY_UILaunchScreen_Generation[sdk=iphoneos*]" = YES;
				"INFOPLIST_KEY_UILaunchScreen_Generation[sdk=iphonesimulator*]" = YES;
				"INFOPLIST_KEY_UIStatusBarStyle[sdk=iphoneos*]" = UIStatusBarStyleDefault;
				"INFOPLIST_KEY_UIStatusBarStyle[sdk=iphonesimulator*]" = UIStatusBarStyleDefault;
				INFOPLIST_KEY_UISupportedInterfaceOrientations_iPad = "UIInterfaceOrientationPortrait UIInterfaceOrientationPortraitUpsideDown UIInterfaceOrientationLandscapeLeft UIInterfaceOrientationLandscapeRight";
				INFOPLIST_KEY_UISupportedInterfaceOrientations_iPhone = "UIInterfaceOrientationPortrait UIInterfaceOrientationLandscapeLeft UIInterfaceOrientationLandscapeRight";
				IPHONEOS_DEPLOYMENT_TARGET = 16.4;
				LD_RUNPATH_SEARCH_PATHS = "@executable_path/Frameworks";
				"LD_RUNPATH_SEARCH_PATHS[sdk=macosx*]" = "@executable_path/../Frameworks";
				MACOSX_DEPLOYMENT_TARGET = 13.3;
				MARKETING_VERSION = 1.0;
				PRODUCT_BUNDLE_IDENTIFIER = test.test;
				PRODUCT_NAME = "$(TARGET_NAME)";
				SDKROOT = auto;
				SUPPORTED_PLATFORMS = "iphoneos iphonesimulator macosx";
				SWIFT_EMIT_LOC_STRINGS = YES;
				SWIFT_VERSION = 5.0;
				TARGETED_DEVICE_FAMILY = "1,2";
			};
			name = Release;
		};
		CE3EC30D2A3A6CBB0023E372 /* Debug */ = {
			isa = XCBuildConfiguration;
			buildSettings = {
				ALWAYS_EMBED_SWIFT_STANDARD_LIBRARIES = YES;
				BUNDLE_LOADER = "$(TEST_HOST)";
				CODE_SIGN_STYLE = Automatic;
				CURRENT_PROJECT_VERSION = 1;
				GENERATE_INFOPLIST_FILE = YES;
				IPHONEOS_DEPLOYMENT_TARGET = 16.4;
				MACOSX_DEPLOYMENT_TARGET = 13.3;
				MARKETING_VERSION = 1.0;
				PRODUCT_BUNDLE_IDENTIFIER = test.testTests;
				PRODUCT_NAME = "$(TARGET_NAME)";
				SDKROOT = auto;
				SUPPORTED_PLATFORMS = "iphoneos iphonesimulator macosx";
				SWIFT_EMIT_LOC_STRINGS = NO;
				SWIFT_VERSION = 5.0;
				TARGETED_DEVICE_FAMILY = "1,2";
				TEST_HOST = "$(BUILT_PRODUCTS_DIR)/test.app/$(BUNDLE_EXECUTABLE_FOLDER_PATH)/test";
			};
			name = Debug;
		};
		CE3EC30E2A3A6CBB0023E372 /* Release */ = {
			isa = XCBuildConfiguration;
			buildSettings = {
				ALWAYS_EMBED_SWIFT_STANDARD_LIBRARIES = YES;
				BUNDLE_LOADER = "$(TEST_HOST)";
				CODE_SIGN_STYLE = Automatic;
				CURRENT_PROJECT_VERSION = 1;
				GENERATE_INFOPLIST_FILE = YES;
				IPHONEOS_DEPLOYMENT_TARGET = 16.4;
				MACOSX_DEPLOYMENT_TARGET = 13.3;
				MARKETING_VERSION = 1.0;
				PRODUCT_BUNDLE_IDENTIFIER = test.testTests;
				PRODUCT_NAME = "$(TARGET_NAME)";
				SDKROOT = auto;
				SUPPORTED_PLATFORMS = "iphoneos iphonesimulator macosx";
				SWIFT_EMIT_LOC_STRINGS = NO;
				SWIFT_VERSION = 5.0;
				TARGETED_DEVICE_FAMILY = "1,2";
				TEST_HOST = "$(BUILT_PRODUCTS_DIR)/test.app/$(BUNDLE_EXECUTABLE_FOLDER_PATH)/test";
			};
			name = Release;
		};
		CE3EC3102A3A6CBB0023E372 /* Debug */ = {
			isa = XCBuildConfiguration;
			buildSettings = {
				ALWAYS_EMBED_SWIFT_STANDARD_LIBRARIES = YES;
				CODE_SIGN_STYLE = Automatic;
				CURRENT_PROJECT_VERSION = 1;
				GENERATE_INFOPLIST_FILE = YES;
				IPHONEOS_DEPLOYMENT_TARGET = 16.4;
				MACOSX_DEPLOYMENT_TARGET = 13.3;
				MARKETING_VERSION = 1.0;
				PRODUCT_BUNDLE_IDENTIFIER = test.testUITests;
				PRODUCT_NAME = "$(TARGET_NAME)";
				SDKROOT = auto;
				SUPPORTED_PLATFORMS = "iphoneos iphonesimulator macosx";
				SWIFT_EMIT_LOC_STRINGS = NO;
				SWIFT_VERSION = 5.0;
				TARGETED_DEVICE_FAMILY = "1,2";
				TEST_TARGET_NAME = test;
			};
			name = Debug;
		};
		CE3EC3112A3A6CBB0023E372 /* Release */ = {
			isa = XCBuildConfiguration;
			buildSettings = {
				ALWAYS_EMBED_SWIFT_STANDARD_LIBRARIES = YES;
				CODE_SIGN_STYLE = Automatic;
				CURRENT_PROJECT_VERSION = 1;
				GENERATE_INFOPLIST_FILE = YES;
				IPHONEOS_DEPLOYMENT_TARGET = 16.4;
				MACOSX_DEPLOYMENT_TARGET = 13.3;
				MARKETING_VERSION = 1.0;
				PRODUCT_BUNDLE_IDENTIFIER = test.testUITests;
				PRODUCT_NAME = "$(TARGET_NAME)";
				SDKROOT = auto;
				SUPPORTED_PLATFORMS = "iphoneos iphonesimulator macosx";
				SWIFT_EMIT_LOC_STRINGS = NO;
				SWIFT_VERSION = 5.0;
				TARGETED_DEVICE_FAMILY = "1,2";
				TEST_TARGET_NAME = test;
			};
			name = Release;
		};
/* End XCBuildConfiguration section */

/* Begin XCConfigurationList section */
		CE3EC2DF2A3A6CB90023E372 /* Build configuration list for PBXProject "test" */ = {
			isa = XCConfigurationList;
			buildConfigurations = (
				CE3EC3072A3A6CBB0023E372 /* Debug */,
				CE3EC3082A3A6CBB0023E372 /* Release */,
			);
			defaultConfigurationIsVisible = 0;
			defaultConfigurationName = Release;
		};
		CE3EC3092A3A6CBB0023E372 /* Build configuration list for PBXNativeTarget "test" */ = {
			isa = XCConfigurationList;
			buildConfigurations = (
				CE3EC30A2A3A6CBB0023E372 /* Debug */,
				CE3EC30B2A3A6CBB0023E372 /* Release */,
			);
			defaultConfigurationIsVisible = 0;
			defaultConfigurationName = Release;
		};
		CE3EC30C2A3A6CBB0023E372 /* Build configuration list for PBXNativeTarget "testTests" */ = {
			isa = XCConfigurationList;
			buildConfigurations = (
				CE3EC30D2A3A6CBB0023E372 /* Debug */,
				CE3EC30E2A3A6CBB0023E372 /* Release */,
			);
			defaultConfigurationIsVisible = 0;
			defaultConfigurationName = Release;
		};
		CE3EC30F2A3A6CBB0023E372 /* Build configuration list for PBXNativeTarget "testUITests" */ = {
			isa = XCConfigurationList;
			buildConfigurations = (
				CE3EC3102A3A6CBB0023E372 /* Debug */,
				CE3EC3112A3A6CBB0023E372 /* Release */,
			);
			defaultConfigurationIsVisible = 0;
			defaultConfigurationName = Release;
		};
/* End XCConfigurationList section */
	};
	rootObject = CE3EC2DC2A3A6CB90023E372 /* Project object */;
}
